<?xml version="1.0" encoding="utf-8"?>
<Project ToolsVersion="4.0" xmlns="http://schemas.microsoft.com/developer/msbuild/2003">
  <ItemGroup>
    <Filter Include="HardwareRenderer">
      <UniqueIdentifier>{93995380-89BD-4b04-88EB-625FBE52EBFB}</UniqueIdentifier>
      <Extensions>h;hh;hpp;hxx;hm;inl;inc;xsd</Extensions>
    </Filter>
    <Filter Include="SceneManagement">
      <UniqueIdentifier>{5ae08633-2d4a-4db6-9ecd-88cac7ec5f6a}</UniqueIdentifier>
    </Filter>
    <Filter Include="Util">
      <UniqueIdentifier>{5da4d9ed-247a-43ae-bf19-8215c127ee12}</UniqueIdentifier>
    </Filter>
  </ItemGroup>
  <ItemGroup>
    <ClInclude Include="ModelResource.h">
      <Filter>SceneManagement</Filter>
    </ClInclude>
    <ClInclude Include="CameraControl.h">
      <Filter>Util</Filter>
    </ClInclude>
    <ClInclude Include="Mesh.h">
      <Filter>SceneManagement</Filter>
    </ClInclude>
    <ClInclude Include="Pipeline.h">
      <Filter>SceneManagement</Filter>
    </ClInclude>
    <ClInclude Include="DeviceResourcePool.h">
      <Filter>HardwareRenderer</Filter>
    </ClInclude>
    <ClInclude Include="Background.h">
      <Filter>SceneManagement</Filter>
    </ClInclude>
    <ClInclude Include="ShadowMap.h">
      <Filter>SceneManagement</Filter>
    </ClInclude>
    <ClInclude Include="RenderPassProvider.h">
      <Filter>SceneManagement</Filter>
    </ClInclude>
    <ClInclude Include="GpuShaderStore.h">
      <Filter>SceneManagement</Filter>
    </ClInclude>
    <ClInclude Include="MaterialContext.h">
      <Filter>SceneManagement</Filter>
    </ClInclude>
    <ClInclude Include="DeviceMarshalling.h">
      <Filter>SceneManagement</Filter>
    </ClInclude>
    <ClInclude Include="PTexMipmapBuilder.h">
      <Filter>Util</Filter>
    </ClInclude>
    <ClInclude Include="Scene.h">
      <Filter>SceneManagement</Filter>
    </ClInclude>
    <ClInclude Include="VRContext.h">
      <Filter>HardwareRenderer</Filter>
    </ClInclude>
  </ItemGroup>
  <ItemGroup>
    <ClCompile Include="ModelResource.cpp">
      <Filter>SceneManagement</Filter>
    </ClCompile>
    <ClCompile Include="CameraControl.cpp">
      <Filter>Util</Filter>
    </ClCompile>
    <ClCompile Include="Mesh.cpp">
      <Filter>SceneManagement</Filter>
    </ClCompile>
    <ClCompile Include="Background.cpp">
      <Filter>SceneManagement</Filter>
    </ClCompile>
    <ClCompile Include="Pipeline.cpp">
      <Filter>SceneManagement</Filter>
    </ClCompile>
    <ClCompile Include="DeviceResourcePool.cpp">
      <Filter>HardwareRenderer</Filter>
    </ClCompile>
    <ClCompile Include="CascadedShadowMap.cpp">
      <Filter>SceneManagement</Filter>
    </ClCompile>
    <ClCompile Include="GpuShaderStore.cpp">
      <Filter>SceneManagement</Filter>
    </ClCompile>
    <ClCompile Include="MaterialContext.cpp">
      <Filter>SceneManagement</Filter>
    </ClCompile>
    <ClCompile Include="DeviceMarshalling.cpp">
      <Filter>SceneManagement</Filter>
    </ClCompile>
    <ClCompile Include="PTexMipmapBuilder.cpp">
      <Filter>Util</Filter>
    </ClCompile>
    <ClCompile Include="Scene.cpp">
      <Filter>SceneManagement</Filter>
    </ClCompile>
    <ClCompile Include="MainRenderPass.cpp">
      <Filter>SceneManagement</Filter>
    </ClCompile>
    <ClCompile Include="LowResRenderPass.cpp">
      <Filter>SceneManagement</Filter>
    </ClCompile>
    <ClCompile Include="VRContext.cpp">
      <Filter>HardwareRenderer</Filter>
    </ClCompile>
    <ClCompile Include="LowQualityRenderPass.cpp">
      <Filter>SceneManagement</Filter>
    </ClCompile>
  </ItemGroup>
</Project>