
Microsoft Visual Studio Solution File, Format Version 12.00
# Visual Studio 14
VisualStudioVersion = 14.0.25123.0
MinimumVisualStudioVersion = 10.0.40219.1
Project("{8BC9CEB8-8B4A-11D0-8D11-00A0C91BC942}") = "CoreLib", "CoreLib\CoreLib.vcxproj", "{CC291035-BF4A-4C63-B374-F85DB4A9C712}"
EndProject
Project("{8BC9CEB8-8B4A-11D0-8D11-00A0C91BC942}") = "GameEngineCore", "GameEngineCore\GameEngineCore.vcxproj", "{F5AD4C29-6081-4283-966D-0F8FC9A48E52}"
EndProject
Project("{8BC9CEB8-8B4A-11D0-8D11-00A0C91BC942}") = "ModelImporter", "Tools\ModelImporter\ModelImporter.vcxproj", "{96E097C4-B5DF-417C-BEBA-8A3679633B98}"
EndProject
Project("{8BC9CEB8-8B4A-11D0-8D11-00A0C91BC942}") = "GameEngine", "GameEngine\GameEngine.vcxproj", "{90FE894E-59A0-494E-A8BC-725AA03DDD7D}"
EndProject
Project("{2150E333-8FDC-42A3-9474-1A3956D46DE8}") = "Tools", "Tools", "{2B999327-7CF3-4231-8141-B1ADC656C244}"
EndProject
Project("{8BC9CEB8-8B4A-11D0-8D11-00A0C91BC942}") = "TextureConverter", "Tools\TextureConverter\TextureConverter.vcxproj", "{4163153D-0B5B-44BD-AC75-CEFABD43AEFE}"
EndProject
Global
	GlobalSection(SolutionConfigurationPlatforms) = preSolution
		Debug|x64 = Debug|x64
		Debug|x86 = Debug|x86
		Release|x64 = Release|x64
		Release|x86 = Release|x86
	EndGlobalSection
	GlobalSection(ProjectConfigurationPlatforms) = postSolution
		{CC291035-BF4A-4C63-B374-F85DB4A9C712}.Debug|x64.ActiveCfg = Debug|x64
		{CC291035-BF4A-4C63-B374-F85DB4A9C712}.Debug|x64.Build.0 = Debug|x64
		{CC291035-BF4A-4C63-B374-F85DB4A9C712}.Debug|x86.ActiveCfg = Debug|Win32
		{CC291035-BF4A-4C63-B374-F85DB4A9C712}.Debug|x86.Build.0 = Debug|Win32
		{CC291035-BF4A-4C63-B374-F85DB4A9C712}.Release|x64.ActiveCfg = Release|x64
		{CC291035-BF4A-4C63-B374-F85DB4A9C712}.Release|x64.Build.0 = Release|x64
		{CC291035-BF4A-4C63-B374-F85DB4A9C712}.Release|x86.ActiveCfg = Release|Win32
		{CC291035-BF4A-4C63-B374-F85DB4A9C712}.Release|x86.Build.0 = Release|Win32
		{F5AD4C29-6081-4283-966D-0F8FC9A48E52}.Debug|x64.ActiveCfg = Debug|x64
		{F5AD4C29-6081-4283-966D-0F8FC9A48E52}.Debug|x64.Build.0 = Debug|x64
		{F5AD4C29-6081-4283-966D-0F8FC9A48E52}.Debug|x86.ActiveCfg = Debug|Win32
		{F5AD4C29-6081-4283-966D-0F8FC9A48E52}.Debug|x86.Build.0 = Debug|Win32
		{F5AD4C29-6081-4283-966D-0F8FC9A48E52}.Release|x64.ActiveCfg = Release|x64
		{F5AD4C29-6081-4283-966D-0F8FC9A48E52}.Release|x64.Build.0 = Release|x64
		{F5AD4C29-6081-4283-966D-0F8FC9A48E52}.Release|x86.ActiveCfg = Release|Win32
		{F5AD4C29-6081-4283-966D-0F8FC9A48E52}.Release|x86.Build.0 = Release|Win32
		{96E097C4-B5DF-417C-BEBA-8A3679633B98}.Debug|x64.ActiveCfg = Debug|x64
		{96E097C4-B5DF-417C-BEBA-8A3679633B98}.Debug|x64.Build.0 = Debug|x64
		{96E097C4-B5DF-417C-BEBA-8A3679633B98}.Debug|x86.ActiveCfg = Debug|Win32
		{96E097C4-B5DF-417C-BEBA-8A3679633B98}.Debug|x86.Build.0 = Debug|Win32
		{96E097C4-B5DF-417C-BEBA-8A3679633B98}.Release|x64.ActiveCfg = Release|x64
		{96E097C4-B5DF-417C-BEBA-8A3679633B98}.Release|x64.Build.0 = Release|x64
		{96E097C4-B5DF-417C-BEBA-8A3679633B98}.Release|x86.ActiveCfg = Release|Win32
		{96E097C4-B5DF-417C-BEBA-8A3679633B98}.Release|x86.Build.0 = Release|Win32
		{90FE894E-59A0-494E-A8BC-725AA03DDD7D}.Debug|x64.ActiveCfg = Debug|x64
		{90FE894E-59A0-494E-A8BC-725AA03DDD7D}.Debug|x64.Build.0 = Debug|x64
		{90FE894E-59A0-494E-A8BC-725AA03DDD7D}.Debug|x86.ActiveCfg = Debug|Win32
		{90FE894E-59A0-494E-A8BC-725AA03DDD7D}.Debug|x86.Build.0 = Debug|Win32
		{90FE894E-59A0-494E-A8BC-725AA03DDD7D}.Release|x64.ActiveCfg = Release|x64
		{90FE894E-59A0-494E-A8BC-725AA03DDD7D}.Release|x64.Build.0 = Release|x64
		{90FE894E-59A0-494E-A8BC-725AA03DDD7D}.Release|x86.ActiveCfg = Release|Win32
		{90FE894E-59A0-494E-A8BC-725AA03DDD7D}.Release|x86.Build.0 = Release|Win32
		{4163153D-0B5B-44BD-AC75-CEFABD43AEFE}.Debug|x64.ActiveCfg = Debug|x64
		{4163153D-0B5B-44BD-AC75-CEFABD43AEFE}.Debug|x64.Build.0 = Debug|x64
		{4163153D-0B5B-44BD-AC75-CEFABD43AEFE}.Debug|x86.ActiveCfg = Debug|Win32
		{4163153D-0B5B-44BD-AC75-CEFABD43AEFE}.Debug|x86.Build.0 = Debug|Win32
		{4163153D-0B5B-44BD-AC75-CEFABD43AEFE}.Release|x64.ActiveCfg = Release|x64
		{4163153D-0B5B-44BD-AC75-CEFABD43AEFE}.Release|x64.Build.0 = Release|x64
		{4163153D-0B5B-44BD-AC75-CEFABD43AEFE}.Release|x86.ActiveCfg = Release|Win32
		{4163153D-0B5B-44BD-AC75-CEFABD43AEFE}.Release|x86.Build.0 = Release|Win32
	EndGlobalSection
	GlobalSection(SolutionProperties) = preSolution
		HideSolutionNode = FALSE
	EndGlobalSection
	GlobalSection(NestedProjects) = preSolution
		{96E097C4-B5DF-417C-BEBA-8A3679633B98} = {2B999327-7CF3-4231-8141-B1ADC656C244}
		{4163153D-0B5B-44BD-AC75-CEFABD43AEFE} = {2B999327-7CF3-4231-8141-B1ADC656C244}
	EndGlobalSection
EndGlobal
