<?xml version="1.0" encoding="utf-8"?>
<Project ToolsVersion="4.0" xmlns="http://schemas.microsoft.com/developer/msbuild/2003">
  <ItemGroup>
    <Filter Include="HardwareRenderer">
      <UniqueIdentifier>{93995380-89BD-4b04-88EB-625FBE52EBFB}</UniqueIdentifier>
      <Extensions>h;hh;hpp;hxx;hm;inl;inc;xsd</Extensions>
    </Filter>
    <Filter Include="SceneManagement">
      <UniqueIdentifier>{5ae08633-2d4a-4db6-9ecd-88cac7ec5f6a}</UniqueIdentifier>
    </Filter>
    <Filter Include="Util">
      <UniqueIdentifier>{5da4d9ed-247a-43ae-bf19-8215c127ee12}</UniqueIdentifier>
    </Filter>
    <Filter Include="CoreLib">
      <UniqueIdentifier>{04c25f20-581e-4d2b-9528-26d633afa980}</UniqueIdentifier>
    </Filter>
    <Filter Include="Spire">
      <UniqueIdentifier>{5ff15165-910d-41f0-b6e1-43c2a5c1bb7c}</UniqueIdentifier>
    </Filter>
    <Filter Include="CoreLib\glew">
      <UniqueIdentifier>{73aca5c1-0e7e-4e9c-a2dd-7244f4b15290}</UniqueIdentifier>
    </Filter>
  </ItemGroup>
  <ItemGroup>
    <ClInclude Include="ModelResource.h">
      <Filter>SceneManagement</Filter>
    </ClInclude>
    <ClInclude Include="CameraControl.h">
      <Filter>Util</Filter>
    </ClInclude>
    <ClInclude Include="Mesh.h">
      <Filter>SceneManagement</Filter>
    </ClInclude>
    <ClInclude Include="Pipeline.h">
      <Filter>SceneManagement</Filter>
    </ClInclude>
    <ClInclude Include="DeviceResourcePool.h">
      <Filter>HardwareRenderer</Filter>
    </ClInclude>
    <ClInclude Include="Background.h">
      <Filter>SceneManagement</Filter>
    </ClInclude>
    <ClInclude Include="ShadowMap.h">
      <Filter>SceneManagement</Filter>
    </ClInclude>
    <ClInclude Include="RenderPassProvider.h">
      <Filter>SceneManagement</Filter>
    </ClInclude>
    <ClInclude Include="GpuShaderStore.h">
      <Filter>SceneManagement</Filter>
    </ClInclude>
    <ClInclude Include="MaterialContext.h">
      <Filter>SceneManagement</Filter>
    </ClInclude>
    <ClInclude Include="DeviceMarshalling.h">
      <Filter>SceneManagement</Filter>
    </ClInclude>
    <ClInclude Include="PTexMipmapBuilder.h">
      <Filter>Util</Filter>
    </ClInclude>
    <ClInclude Include="Scene.h">
      <Filter>SceneManagement</Filter>
    </ClInclude>
    <ClInclude Include="VRContext.h">
      <Filter>HardwareRenderer</Filter>
    </ClInclude>
    <ClInclude Include="CoreLib\Basic.h">
      <Filter>CoreLib</Filter>
    </ClInclude>
    <ClInclude Include="CoreLib\Graphics.h">
      <Filter>CoreLib</Filter>
    </ClInclude>
    <ClInclude Include="CoreLib\Imaging.h">
      <Filter>CoreLib</Filter>
    </ClInclude>
    <ClInclude Include="CoreLib\LibGL.h">
      <Filter>CoreLib</Filter>
    </ClInclude>
    <ClInclude Include="CoreLib\WinForm.h">
      <Filter>CoreLib</Filter>
    </ClInclude>
    <ClInclude Include="..\..\..\LibraryRelease\Spire.h">
      <Filter>Spire</Filter>
    </ClInclude>
    <ClInclude Include="CoreLib\glew\glew.h">
      <Filter>CoreLib\glew</Filter>
    </ClInclude>
    <ClInclude Include="CoreLib\glew\glxew.h">
      <Filter>CoreLib\glew</Filter>
    </ClInclude>
    <ClInclude Include="CoreLib\glew\wglew.h">
      <Filter>CoreLib\glew</Filter>
    </ClInclude>
    <ClInclude Include="CoreLib\LibUI.h">
      <Filter>CoreLib</Filter>
    </ClInclude>
  </ItemGroup>
  <ItemGroup>
    <ClCompile Include="ModelResource.cpp">
      <Filter>SceneManagement</Filter>
    </ClCompile>
    <ClCompile Include="CameraControl.cpp">
      <Filter>Util</Filter>
    </ClCompile>
    <ClCompile Include="Mesh.cpp">
      <Filter>SceneManagement</Filter>
    </ClCompile>
    <ClCompile Include="Background.cpp">
      <Filter>SceneManagement</Filter>
    </ClCompile>
    <ClCompile Include="Pipeline.cpp">
      <Filter>SceneManagement</Filter>
    </ClCompile>
    <ClCompile Include="DeviceResourcePool.cpp">
      <Filter>HardwareRenderer</Filter>
    </ClCompile>
    <ClCompile Include="CascadedShadowMap.cpp">
      <Filter>SceneManagement</Filter>
    </ClCompile>
    <ClCompile Include="GpuShaderStore.cpp">
      <Filter>SceneManagement</Filter>
    </ClCompile>
    <ClCompile Include="MaterialContext.cpp">
      <Filter>SceneManagement</Filter>
    </ClCompile>
    <ClCompile Include="DeviceMarshalling.cpp">
      <Filter>SceneManagement</Filter>
    </ClCompile>
    <ClCompile Include="PTexMipmapBuilder.cpp">
      <Filter>Util</Filter>
    </ClCompile>
    <ClCompile Include="Scene.cpp">
      <Filter>SceneManagement</Filter>
    </ClCompile>
    <ClCompile Include="MainRenderPass.cpp">
      <Filter>SceneManagement</Filter>
    </ClCompile>
    <ClCompile Include="LowResRenderPass.cpp">
      <Filter>SceneManagement</Filter>
    </ClCompile>
    <ClCompile Include="VRContext.cpp">
      <Filter>HardwareRenderer</Filter>
    </ClCompile>
    <ClCompile Include="LowQualityRenderPass.cpp">
      <Filter>SceneManagement</Filter>
    </ClCompile>
    <ClCompile Include="CoreLib\Basic.cpp">
      <Filter>CoreLib</Filter>
    </ClCompile>
    <ClCompile Include="CoreLib\Graphics.cpp">
      <Filter>CoreLib</Filter>
    </ClCompile>
    <ClCompile Include="CoreLib\Imaging.cpp">
      <Filter>CoreLib</Filter>
    </ClCompile>
    <ClCompile Include="CoreLib\LibGL.cpp">
      <Filter>CoreLib</Filter>
    </ClCompile>
    <ClCompile Include="CoreLib\WinForm.cpp">
      <Filter>CoreLib</Filter>
    </ClCompile>
    <ClCompile Include="..\..\..\LibraryRelease\Spire.cpp">
      <Filter>Spire</Filter>
    </ClCompile>
    <ClCompile Include="CoreLib\glew\glew.c">
      <Filter>CoreLib\glew</Filter>
    </ClCompile>
    <ClCompile Include="CoreLib\LibUI.cpp">
      <Filter>CoreLib</Filter>
    </ClCompile>
  </ItemGroup>
  <ItemGroup>
    <Natvis Include="CoreLib\corelib.natvis">
      <Filter>CoreLib</Filter>
    </Natvis>
  </ItemGroup>
</Project>